{
  "name": "almadar-project",
  "version": "1.0.0",
  "lockfileVersion": 3,
  "requires": true,
  "packages": {
    "": {
      "name": "almadar-project",
      "version": "1.0.0",
      "dependencies": {
        "@almadar/core": "^2.0.0",
        "@almadar/patterns": "^2.0.0",
        "@almadar/std": "^2.0.0",
        "@almadar/validation": "^2.0.0"
      },
      "devDependencies": {
        "@almadar/cli": "^1.5.0"
      },
      "engines": {
        "node": ">=20.0.0"
      }
    },
    "node_modules/@almadar/cli": {
      "version": "1.9.3",
      "resolved": "https://registry.npmjs.org/@almadar/cli/-/cli-1.9.3.tgz",
      "integrity": "sha512-A44iUkh1PFVX7ofsj3xElQmI5H1f6DET9t1lpcpeg3/eHRFxwjG+PVaQAjcdmPZyVW5dhZWgwvhfBK6vFfSShA==",
      "cpu": [
        "x64",
        "arm64"
      ],
      "dev": true,
      "hasInstallScript": true,
      "license": "MIT",
      "os": [
        "darwin",
        "linux",
        "win32"
      ],
      "bin": {
        "almadar": "bin/almadar"
      },
      "engines": {
        "node": ">=16.0.0"
      },
      "optionalDependencies": {
        "@almadar/cli-darwin-arm64": "1.9.3",
        "@almadar/cli-darwin-x64": "1.9.3",
        "@almadar/cli-linux-arm64": "1.9.3",
        "@almadar/cli-linux-x64": "1.9.3",
        "@almadar/cli-windows-x64": "1.9.3"
      }
    },
    "node_modules/@almadar/cli-linux-arm64": {
      "version": "1.9.3",
      "resolved": "https://registry.npmjs.org/@almadar/cli-linux-arm64/-/cli-linux-arm64-1.9.3.tgz",
      "integrity": "sha512-PaFYIAEAzsmH3o1ycPcVRPcYxknW+5fzv7MU7lCLUTHVY0Nln36cqpB4V1Vsa5fRNvYHwS79oO8tmSJUEFzGHw==",
      "cpu": [
        "arm64"
      ],
      "dev": true,
      "license": "MIT",
      "optional": true,
      "os": [
        "linux"
      ]
    },
    "node_modules/@almadar/cli-linux-x64": {
      "version": "1.9.3",
      "resolved": "https://registry.npmjs.org/@almadar/cli-linux-x64/-/cli-linux-x64-1.9.3.tgz",
      "integrity": "sha512-fNywGWuWj46cf/9eIbiZwiDoaJGB5hL0TWWnhfESOY3a1B8fCLYQICag4ruceDGy+MRzKB9PpO83ICHZPgxTgg==",
      "cpu": [
        "x64"
      ],
      "dev": true,
      "license": "MIT",
      "optional": true,
      "os": [
        "linux"
      ]
    },
    "node_modules/@almadar/cli/node_modules/@almadar/cli-darwin-arm64": {
      "dev": true,
      "optional": true
    },
    "node_modules/@almadar/cli/node_modules/@almadar/cli-darwin-x64": {
      "dev": true,
      "optional": true
    },
    "node_modules/@almadar/cli/node_modules/@almadar/cli-windows-x64": {
      "dev": true,
      "optional": true
    },
    "node_modules/@almadar/core": {
      "version": "2.7.0",
      "resolved": "https://registry.npmjs.org/@almadar/core/-/core-2.7.0.tgz",
      "integrity": "sha512-g4ItaEcrTpcMUjMcQ8Ke2NdKYKYqy5zxGW01UQhAFtB310MJVjnmQ9oG6EzuSPPkM+STu1T6yqf6uEchS4dc9Q==",
      "license": "BSL-1.1",
      "dependencies": {
        "@almadar/operators": ">=2.1.3",
        "@almadar/patterns": ">=2.8.7",
        "zod": "^3.22.0"
      }
    },
    "node_modules/@almadar/operators": {
      "version": "2.1.3",
      "resolved": "https://registry.npmjs.org/@almadar/operators/-/operators-2.1.3.tgz",
      "integrity": "sha512-0wjRClcWT/DcYtmnTku/IIXWGCLzMzai/a/KwP4NorkqjDIEY9+vmAui4qB6rePhkT2aOfLb4sP8uX7vvyG7nw=="
    },
    "node_modules/@almadar/patterns": {
      "version": "2.8.8",
      "resolved": "https://registry.npmjs.org/@almadar/patterns/-/patterns-2.8.8.tgz",
      "integrity": "sha512-6aUJfOgHqcBzRo8MqJya6ksiXXgar+Kv5y6ccfUWwPyFk7U8sqpwm5rLP93Hfwfy5NfrayIdIcaVaqXBbN1tQQ==",
      "license": "BSL-1.1"
    },
    "node_modules/@almadar/std": {
      "version": "2.8.0",
      "resolved": "https://registry.npmjs.org/@almadar/std/-/std-2.8.0.tgz",
      "integrity": "sha512-4fcLxVLaOkAwLH79puur5/oaTJefMyRHcQObaNYQP5haQr52VRmQ/eOcs0TpYaaytxepO29sDiK3+YCCyCjwVw==",
      "license": "MIT",
      "dependencies": {
        "@almadar/core": ">=2.0.0",
        "@almadar/operators": ">=2.0.0"
      }
    },
    "node_modules/@almadar/validation": {
      "version": "2.1.2",
      "resolved": "https://registry.npmjs.org/@almadar/validation/-/validation-2.1.2.tgz",
      "integrity": "sha512-QDsFu3Za0wRheI/H1eM+t62rGf0nfYkExUxQbcO4nzZS8QcFIxf5oA4Ig3Ek9PJcWb8upWKy7N8KTP43cwb9Ow==",
      "license": "MIT"
    },
    "node_modules/zod": {
      "version": "3.25.76",
      "resolved": "https://registry.npmjs.org/zod/-/zod-3.25.76.tgz",
      "integrity": "sha512-gzUt/qt81nXsFGKIFcC3YnfEAx5NkunCfnDlvuBSSFS02bcXu4Lmea0AFIUwbLWxWPx3d9p8S5QoaujKcNQxcQ==",
      "license": "MIT",
      "funding": {
        "url": "https://github.com/sponsors/colinhacks"
      }
    }
  }
}
